
Microsoft Visual Studio Solution File, Format Version 12.00
# Visual Studio Version 17
VisualStudioVersion = 17.9.34607.119
MinimumVisualStudioVersion = 10.0.40219.1
Project("{FAE04EC0-301F-11D3-BF4B-00C04F79EFBC}") = "PaketCheckIn", "PaketCheckIn\PaketCheckIn.csproj", "{3FD13988-6B69-4D2C-BE89-A846F5D934D1}"
EndProject
Global
	GlobalSection(SolutionConfigurationPlatforms) = preSolution
		Debug|Any CPU = Debug|Any CPU
		Release|Any CPU = Release|Any CPU
	EndGlobalSection
	GlobalSection(ProjectConfigurationPlatforms) = postSolution
		{3FD13988-6B69-4D2C-BE89-A846F5D934D1}.Debug|Any CPU.ActiveCfg = Debug|Any CPU
		{3FD13988-6B69-4D2C-BE89-A846F5D934D1}.Debug|Any CPU.Build.0 = Debug|Any CPU
		{3FD13988-6B69-4D2C-BE89-A846F5D934D1}.Release|Any CPU.ActiveCfg = Release|Any CPU
		{3FD13988-6B69-4D2C-BE89-A846F5D934D1}.Release|Any CPU.Build.0 = Release|Any CPU
	EndGlobalSection
	GlobalSection(SolutionProperties) = preSolution
		HideSolutionNode = FALSE
	EndGlobalSection
	GlobalSection(ExtensibilityGlobals) = postSolution
		SolutionGuid = {79A18A26-DCDB-4998-A342-561CD33B8782}
	EndGlobalSection
EndGlobal
